
Microsoft Visual Studio Solution File, Format Version 12.00
# Visual Studio Version 16
VisualStudioVersion = 16.0.32510.428
MinimumVisualStudioVersion = 10.0.40219.1
Project("{FAE04EC0-301F-11D3-BF4B-00C04F79EFBC}") = "GateServer", "GateServer\GateServer.csproj", "{F32FFC93-6AD0-4067-97A9-3ED0B8EAC562}"
EndProject
Global
	GlobalSection(SolutionConfigurationPlatforms) = preSolution
		Debug|Any CPU = Debug|Any CPU
		Release|Any CPU = Release|Any CPU
	EndGlobalSection
	GlobalSection(ProjectConfigurationPlatforms) = postSolution
		{F32FFC93-6AD0-4067-97A9-3ED0B8EAC562}.Debug|Any CPU.ActiveCfg = Debug|Any CPU
		{F32FFC93-6AD0-4067-97A9-3ED0B8EAC562}.Debug|Any CPU.Build.0 = Debug|Any CPU
		{F32FFC93-6AD0-4067-97A9-3ED0B8EAC562}.Release|Any CPU.ActiveCfg = Release|Any CPU
		{F32FFC93-6AD0-4067-97A9-3ED0B8EAC562}.Release|Any CPU.Build.0 = Release|Any CPU
	EndGlobalSection
	GlobalSection(SolutionProperties) = preSolution
		HideSolutionNode = FALSE
	EndGlobalSection
	GlobalSection(ExtensibilityGlobals) = postSolution
		SolutionGuid = {D171391F-2DBC-4017-A0B8-BEAEC8ED35ED}
	EndGlobalSection
EndGlobal
