
Microsoft Visual Studio Solution File, Format Version 12.00
# Visual Studio Version 16
VisualStudioVersion = 16.0.32510.428
MinimumVisualStudioVersion = 10.0.40219.1
Project("{FAE04EC0-301F-11D3-BF4B-00C04F79EFBC}") = "GateServer", "GateServer\GateServer.csproj", "{F32FFC93-6AD0-4067-97A9-3ED0B8EAC562}"
EndProject
Project("{FAE04EC0-301F-11D3-BF4B-00C04F79EFBC}") = "CardServer", "CardServer\CardServer.csproj", "{41A40206-03D0-4948-BB32-30EF54908E39}"
EndProject
Project("{FAE04EC0-301F-11D3-BF4B-00C04F79EFBC}") = "IGrains", "IGrains\IGrains.csproj", "{5CF7A651-8E9E-47CC-993E-E2A82EE14CC0}"
EndProject
Project("{FAE04EC0-301F-11D3-BF4B-00C04F79EFBC}") = "Grains", "Grains\Grains.csproj", "{804705BE-C6AF-47AA-BF83-1D8EC718B53B}"
EndProject
Project("{FAE04EC0-301F-11D3-BF4B-00C04F79EFBC}") = "Protocol", "Protocol\Protocol.csproj", "{EDBDCC5E-3D96-4999-9F19-DE658693F95D}"
EndProject
Global
	GlobalSection(SolutionConfigurationPlatforms) = preSolution
		Debug|Any CPU = Debug|Any CPU
		Release|Any CPU = Release|Any CPU
	EndGlobalSection
	GlobalSection(ProjectConfigurationPlatforms) = postSolution
		{F32FFC93-6AD0-4067-97A9-3ED0B8EAC562}.Debug|Any CPU.ActiveCfg = Debug|Any CPU
		{F32FFC93-6AD0-4067-97A9-3ED0B8EAC562}.Debug|Any CPU.Build.0 = Debug|Any CPU
		{F32FFC93-6AD0-4067-97A9-3ED0B8EAC562}.Release|Any CPU.ActiveCfg = Release|Any CPU
		{F32FFC93-6AD0-4067-97A9-3ED0B8EAC562}.Release|Any CPU.Build.0 = Release|Any CPU
		{41A40206-03D0-4948-BB32-30EF54908E39}.Debug|Any CPU.ActiveCfg = Debug|Any CPU
		{41A40206-03D0-4948-BB32-30EF54908E39}.Debug|Any CPU.Build.0 = Debug|Any CPU
		{41A40206-03D0-4948-BB32-30EF54908E39}.Release|Any CPU.ActiveCfg = Release|Any CPU
		{41A40206-03D0-4948-BB32-30EF54908E39}.Release|Any CPU.Build.0 = Release|Any CPU
		{5CF7A651-8E9E-47CC-993E-E2A82EE14CC0}.Debug|Any CPU.ActiveCfg = Debug|Any CPU
		{5CF7A651-8E9E-47CC-993E-E2A82EE14CC0}.Debug|Any CPU.Build.0 = Debug|Any CPU
		{5CF7A651-8E9E-47CC-993E-E2A82EE14CC0}.Release|Any CPU.ActiveCfg = Release|Any CPU
		{5CF7A651-8E9E-47CC-993E-E2A82EE14CC0}.Release|Any CPU.Build.0 = Release|Any CPU
		{804705BE-C6AF-47AA-BF83-1D8EC718B53B}.Debug|Any CPU.ActiveCfg = Debug|Any CPU
		{804705BE-C6AF-47AA-BF83-1D8EC718B53B}.Debug|Any CPU.Build.0 = Debug|Any CPU
		{804705BE-C6AF-47AA-BF83-1D8EC718B53B}.Release|Any CPU.ActiveCfg = Release|Any CPU
		{804705BE-C6AF-47AA-BF83-1D8EC718B53B}.Release|Any CPU.Build.0 = Release|Any CPU
		{EDBDCC5E-3D96-4999-9F19-DE658693F95D}.Debug|Any CPU.ActiveCfg = Debug|Any CPU
		{EDBDCC5E-3D96-4999-9F19-DE658693F95D}.Debug|Any CPU.Build.0 = Debug|Any CPU
		{EDBDCC5E-3D96-4999-9F19-DE658693F95D}.Release|Any CPU.ActiveCfg = Release|Any CPU
		{EDBDCC5E-3D96-4999-9F19-DE658693F95D}.Release|Any CPU.Build.0 = Release|Any CPU
	EndGlobalSection
	GlobalSection(SolutionProperties) = preSolution
		HideSolutionNode = FALSE
	EndGlobalSection
	GlobalSection(ExtensibilityGlobals) = postSolution
		SolutionGuid = {D171391F-2DBC-4017-A0B8-BEAEC8ED35ED}
	EndGlobalSection
EndGlobal
